
Microsoft Visual Studio Solution File, Format Version 12.00
# Visual Studio Version 17
VisualStudioVersion = 17.8.34511.84
MinimumVisualStudioVersion = 10.0.40219.1
Project("{FAE04EC0-301F-11D3-BF4B-00C04F79EFBC}") = "MvcWork", "MvcWork\MvcWork.csproj", "{06A0DDA9-E3C4-45B5-A239-7DEA1052F961}"
EndProject
Global
	GlobalSection(SolutionConfigurationPlatforms) = preSolution
		Debug|Any CPU = Debug|Any CPU
		Release|Any CPU = Release|Any CPU
	EndGlobalSection
	GlobalSection(ProjectConfigurationPlatforms) = postSolution
		{06A0DDA9-E3C4-45B5-A239-7DEA1052F961}.Debug|Any CPU.ActiveCfg = Debug|Any CPU
		{06A0DDA9-E3C4-45B5-A239-7DEA1052F961}.Debug|Any CPU.Build.0 = Debug|Any CPU
		{06A0DDA9-E3C4-45B5-A239-7DEA1052F961}.Release|Any CPU.ActiveCfg = Release|Any CPU
		{06A0DDA9-E3C4-45B5-A239-7DEA1052F961}.Release|Any CPU.Build.0 = Release|Any CPU
	EndGlobalSection
	GlobalSection(SolutionProperties) = preSolution
		HideSolutionNode = FALSE
	EndGlobalSection
	GlobalSection(ExtensibilityGlobals) = postSolution
		SolutionGuid = {6D915B5F-8913-4A01-9932-3611B9AC5357}
	EndGlobalSection
EndGlobal
